
Microsoft Visual Studio Solution File, Format Version 12.00
# Visual Studio Version 16
VisualStudioVersion = 16.0.32228.343
MinimumVisualStudioVersion = 10.0.40219.1
Project("{FAE04EC0-301F-11D3-BF4B-00C04F79EFBC}") = "WMS_API", "WMS_API\WMS_API.csproj", "{0F428B34-07B6-4516-AAA9-0E2CCC817A7C}"
	ProjectSection(ProjectDependencies) = postProject
		{77B5CC3F-3C94-408F-9809-D1A0CE4253AE} = {77B5CC3F-3C94-408F-9809-D1A0CE4253AE}
	EndProjectSection
EndProject
Project("{FAE04EC0-301F-11D3-BF4B-00C04F79EFBC}") = "Core", "Core\Core.csproj", "{77B5CC3F-3C94-408F-9809-D1A0CE4253AE}"
EndProject
Global
	GlobalSection(SolutionConfigurationPlatforms) = preSolution
		Debug|Any CPU = Debug|Any CPU
		Release|Any CPU = Release|Any CPU
	EndGlobalSection
	GlobalSection(ProjectConfigurationPlatforms) = postSolution
		{0F428B34-07B6-4516-AAA9-0E2CCC817A7C}.Debug|Any CPU.ActiveCfg = Debug|Any CPU
		{0F428B34-07B6-4516-AAA9-0E2CCC817A7C}.Debug|Any CPU.Build.0 = Debug|Any CPU
		{0F428B34-07B6-4516-AAA9-0E2CCC817A7C}.Release|Any CPU.ActiveCfg = Release|Any CPU
		{0F428B34-07B6-4516-AAA9-0E2CCC817A7C}.Release|Any CPU.Build.0 = Release|Any CPU
		{77B5CC3F-3C94-408F-9809-D1A0CE4253AE}.Debug|Any CPU.ActiveCfg = Debug|Any CPU
		{77B5CC3F-3C94-408F-9809-D1A0CE4253AE}.Debug|Any CPU.Build.0 = Debug|Any CPU
		{77B5CC3F-3C94-408F-9809-D1A0CE4253AE}.Release|Any CPU.ActiveCfg = Release|Any CPU
		{77B5CC3F-3C94-408F-9809-D1A0CE4253AE}.Release|Any CPU.Build.0 = Release|Any CPU
	EndGlobalSection
	GlobalSection(SolutionProperties) = preSolution
		HideSolutionNode = FALSE
	EndGlobalSection
	GlobalSection(ExtensibilityGlobals) = postSolution
		SolutionGuid = {00148AB1-98F8-4792-9571-5F9299B2BBCE}
	EndGlobalSection
EndGlobal
